# This file is generated by running "yarn install" inside your project.
# Manual changes might be lost - proceed with caution!

__metadata:
  version: 8
  cacheKey: 10c0

"@emnapi/core@npm:^1.5.0":
  version: 1.5.0
  resolution: "@emnapi/core@npm:1.5.0"
  dependencies:
    "@emnapi/wasi-threads": "npm:1.1.0"
    tslib: "npm:^2.4.0"
  checksum: 10c0/52ba3485277706d92fa27d92b37e5b4f6ef0742c03ed68f8096f294c6bfa30f0752c82d4c2bfa14bff4dc30d63c9f71a8f9fb64a92743d00807d9e468fafd5ff
  languageName: node
  linkType: hard

"@emnapi/runtime@npm:^1.5.0":
  version: 1.5.0
  resolution: "@emnapi/runtime@npm:1.5.0"
  dependencies:
    tslib: "npm:^2.4.0"
  checksum: 10c0/a85c9fc4e3af49cbe41e5437e5be2551392a931910cd0a5b5d3572532786927810c9cc1db11b232ec8f9657b33d4e6f7c4f985f1a052917d7cd703b5b2a20faa
  languageName: node
  linkType: hard

"@emnapi/wasi-threads@npm:1.1.0":
  version: 1.1.0
  resolution: "@emnapi/wasi-threads@npm:1.1.0"
  dependencies:
    tslib: "npm:^2.4.0"
  checksum: 10c0/e6d54bf2b1e64cdd83d2916411e44e579b6ae35d5def0dea61a3c452d9921373044dff32a8b8473ae60c80692bdc39323e98b96a3f3d87ba6886b24dd0ef7ca1
  languageName: node
  linkType: hard

"@napi-rs/tar-android-arm-eabi@npm:1.1.0":
  version: 1.1.0
  resolution: "@napi-rs/tar-android-arm-eabi@npm:1.1.0"
  conditions: os=android & cpu=arm
  languageName: node
  linkType: hard

"@napi-rs/tar-android-arm64@npm:1.1.0":
  version: 1.1.0
  resolution: "@napi-rs/tar-android-arm64@npm:1.1.0"
  conditions: os=android & cpu=arm64
  languageName: node
  linkType: hard

"@napi-rs/tar-darwin-arm64@npm:1.1.0":
  version: 1.1.0
  resolution: "@napi-rs/tar-darwin-arm64@npm:1.1.0"
  conditions: os=darwin & cpu=arm64
  languageName: node
  linkType: hard

"@napi-rs/tar-darwin-x64@npm:1.1.0":
  version: 1.1.0
  resolution: "@napi-rs/tar-darwin-x64@npm:1.1.0"
  conditions: os=darwin & cpu=x64
  languageName: node
  linkType: hard

"@napi-rs/tar-freebsd-x64@npm:1.1.0":
  version: 1.1.0
  resolution: "@napi-rs/tar-freebsd-x64@npm:1.1.0"
  conditions: os=freebsd & cpu=x64
  languageName: node
  linkType: hard

"@napi-rs/tar-linux-arm-gnueabihf@npm:1.1.0":
  version: 1.1.0
  resolution: "@napi-rs/tar-linux-arm-gnueabihf@npm:1.1.0"
  conditions: os=linux & cpu=arm
  languageName: node
  linkType: hard

"@napi-rs/tar-linux-arm64-gnu@npm:1.1.0":
  version: 1.1.0
  resolution: "@napi-rs/tar-linux-arm64-gnu@npm:1.1.0"
  conditions: os=linux & cpu=arm64 & libc=glibc
  languageName: node
  linkType: hard

"@napi-rs/tar-linux-arm64-musl@npm:1.1.0":
  version: 1.1.0
  resolution: "@napi-rs/tar-linux-arm64-musl@npm:1.1.0"
  conditions: os=linux & cpu=arm64 & libc=musl
  languageName: node
  linkType: hard

"@napi-rs/tar-linux-ppc64-gnu@npm:1.1.0":
  version: 1.1.0
  resolution: "@napi-rs/tar-linux-ppc64-gnu@npm:1.1.0"
  conditions: os=linux & cpu=ppc64 & libc=glibc
  languageName: node
  linkType: hard

"@napi-rs/tar-linux-s390x-gnu@npm:1.1.0":
  version: 1.1.0
  resolution: "@napi-rs/tar-linux-s390x-gnu@npm:1.1.0"
  conditions: os=linux & cpu=s390x & libc=glibc
  languageName: node
  linkType: hard

"@napi-rs/tar-linux-x64-gnu@npm:1.1.0":
  version: 1.1.0
  resolution: "@napi-rs/tar-linux-x64-gnu@npm:1.1.0"
  conditions: os=linux & cpu=x64 & libc=glibc
  languageName: node
  linkType: hard

"@napi-rs/tar-linux-x64-musl@npm:1.1.0":
  version: 1.1.0
  resolution: "@napi-rs/tar-linux-x64-musl@npm:1.1.0"
  conditions: os=linux & cpu=x64 & libc=musl
  languageName: node
  linkType: hard

"@napi-rs/tar-wasm32-wasi@npm:1.1.0":
  version: 1.1.0
  resolution: "@napi-rs/tar-wasm32-wasi@npm:1.1.0"
  dependencies:
    "@napi-rs/wasm-runtime": "npm:^1.0.3"
  conditions: cpu=wasm32
  languageName: node
  linkType: hard

"@napi-rs/tar-win32-arm64-msvc@npm:1.1.0":
  version: 1.1.0
  resolution: "@napi-rs/tar-win32-arm64-msvc@npm:1.1.0"
  conditions: os=win32 & cpu=arm64
  languageName: node
  linkType: hard

"@napi-rs/tar-win32-ia32-msvc@npm:1.1.0":
  version: 1.1.0
  resolution: "@napi-rs/tar-win32-ia32-msvc@npm:1.1.0"
  conditions: os=win32 & cpu=ia32
  languageName: node
  linkType: hard

"@napi-rs/tar-win32-x64-msvc@npm:1.1.0":
  version: 1.1.0
  resolution: "@napi-rs/tar-win32-x64-msvc@npm:1.1.0"
  conditions: os=win32 & cpu=x64
  languageName: node
  linkType: hard

"@napi-rs/tar@npm:^1.1.0":
  version: 1.1.0
  resolution: "@napi-rs/tar@npm:1.1.0"
  dependencies:
    "@napi-rs/tar-android-arm-eabi": "npm:1.1.0"
    "@napi-rs/tar-android-arm64": "npm:1.1.0"
    "@napi-rs/tar-darwin-arm64": "npm:1.1.0"
    "@napi-rs/tar-darwin-x64": "npm:1.1.0"
    "@napi-rs/tar-freebsd-x64": "npm:1.1.0"
    "@napi-rs/tar-linux-arm-gnueabihf": "npm:1.1.0"
    "@napi-rs/tar-linux-arm64-gnu": "npm:1.1.0"
    "@napi-rs/tar-linux-arm64-musl": "npm:1.1.0"
    "@napi-rs/tar-linux-ppc64-gnu": "npm:1.1.0"
    "@napi-rs/tar-linux-s390x-gnu": "npm:1.1.0"
    "@napi-rs/tar-linux-x64-gnu": "npm:1.1.0"
    "@napi-rs/tar-linux-x64-musl": "npm:1.1.0"
    "@napi-rs/tar-wasm32-wasi": "npm:1.1.0"
    "@napi-rs/tar-win32-arm64-msvc": "npm:1.1.0"
    "@napi-rs/tar-win32-ia32-msvc": "npm:1.1.0"
    "@napi-rs/tar-win32-x64-msvc": "npm:1.1.0"
  dependenciesMeta:
    "@napi-rs/tar-android-arm-eabi":
      optional: true
    "@napi-rs/tar-android-arm64":
      optional: true
    "@napi-rs/tar-darwin-arm64":
      optional: true
    "@napi-rs/tar-darwin-x64":
      optional: true
    "@napi-rs/tar-freebsd-x64":
      optional: true
    "@napi-rs/tar-linux-arm-gnueabihf":
      optional: true
    "@napi-rs/tar-linux-arm64-gnu":
      optional: true
    "@napi-rs/tar-linux-arm64-musl":
      optional: true
    "@napi-rs/tar-linux-ppc64-gnu":
      optional: true
    "@napi-rs/tar-linux-s390x-gnu":
      optional: true
    "@napi-rs/tar-linux-x64-gnu":
      optional: true
    "@napi-rs/tar-linux-x64-musl":
      optional: true
    "@napi-rs/tar-wasm32-wasi":
      optional: true
    "@napi-rs/tar-win32-arm64-msvc":
      optional: true
    "@napi-rs/tar-win32-ia32-msvc":
      optional: true
    "@napi-rs/tar-win32-x64-msvc":
      optional: true
  checksum: 10c0/88a0ab081eacfa235266f14a0bc408b7581058b1f7e18b118c6f8e7012cca0dd91c5baf5de84e1d2eb8070386a7380aa4d8dedfc6f81e24ae9d0287ff50ae153
  languageName: node
  linkType: hard

"@napi-rs/wasm-runtime@npm:^1.0.3":
  version: 1.0.5
  resolution: "@napi-rs/wasm-runtime@npm:1.0.5"
  dependencies:
    "@emnapi/core": "npm:^1.5.0"
    "@emnapi/runtime": "npm:^1.5.0"
    "@tybys/wasm-util": "npm:^0.10.1"
  checksum: 10c0/8d29299933c57b6ead61f46fad5c3dfabc31e1356bbaf25c3a8ae57be0af0db0006a808f2c1bb16e28925e027f20e0856550dac94e015f56dd6ed53b38f9a385
  languageName: node
  linkType: hard

"@tybys/wasm-util@npm:^0.10.1":
  version: 0.10.1
  resolution: "@tybys/wasm-util@npm:0.10.1"
  dependencies:
    tslib: "npm:^2.4.0"
  checksum: 10c0/b255094f293794c6d2289300c5fbcafbb5532a3aed3a5ffd2f8dc1828e639b88d75f6a376dd8f94347a44813fd7a7149d8463477a9a49525c8b2dcaa38c2d1e8
  languageName: node
  linkType: hard

"root-workspace-0b6124@workspace:.":
  version: 0.0.0-use.local
  resolution: "root-workspace-0b6124@workspace:."
  dependencies:
    "@napi-rs/tar": "npm:^1.1.0"
    rxjs: "npm:^7.8.2"
  languageName: unknown
  linkType: soft

"rxjs@npm:^7.8.2":
  version: 7.8.2
  resolution: "rxjs@npm:7.8.2"
  dependencies:
    tslib: "npm:^2.1.0"
  checksum: 10c0/1fcd33d2066ada98ba8f21fcbbcaee9f0b271de1d38dc7f4e256bfbc6ffcdde68c8bfb69093de7eeb46f24b1fb820620bf0223706cff26b4ab99a7ff7b2e2c45
  languageName: node
  linkType: hard

"tslib@npm:^2.1.0, tslib@npm:^2.4.0":
  version: 2.8.1
  resolution: "tslib@npm:2.8.1"
  checksum: 10c0/9c4759110a19c53f992d9aae23aac5ced636e99887b51b9e61def52611732872ff7668757d4e4c61f19691e36f4da981cd9485e869b4a7408d689f6bf1f14e62
  languageName: node
  linkType: hard
